
Microsoft Visual Studio Solution File, Format Version 12.00
# Visual Studio Version 17
VisualStudioVersion = 17.1.32407.343
MinimumVisualStudioVersion = 10.0.40219.1
Project("{9A19103F-16F7-4668-BE54-9A1E7A4F7556}") = "TCC.Core", "TCC.Core\TCC.Core.csproj", "{B3F6E516-CD4B-404E-93C5-FFC729406FA9}"
	ProjectSection(ProjectDependencies) = postProject
		{96E79573-D3AE-4F2B-B592-0C6FD107387C} = {96E79573-D3AE-4F2B-B592-0C6FD107387C}
	EndProjectSection
EndProject
Project("{9A19103F-16F7-4668-BE54-9A1E7A4F7556}") = "TCC.Updater", "TCC.Updater\TCC.Updater.csproj", "{2F29E45D-783C-4EA9-A52B-4CAA9129497B}"
EndProject
Project("{9A19103F-16F7-4668-BE54-9A1E7A4F7556}") = "TeraPacketParser", "TeraPacketParser\TeraPacketParser.csproj", "{32BD409E-AB38-4024-BA36-1E08B753C528}"
	ProjectSection(ProjectDependencies) = postProject
		{96E79573-D3AE-4F2B-B592-0C6FD107387C} = {96E79573-D3AE-4F2B-B592-0C6FD107387C}
	EndProjectSection
EndProject
Project("{9A19103F-16F7-4668-BE54-9A1E7A4F7556}") = "TeraDataLite", "TeraDataLite\TeraDataLite.csproj", "{E8A1FC0B-C9BC-448E-9702-94CE50412D99}"
	ProjectSection(ProjectDependencies) = postProject
		{96E79573-D3AE-4F2B-B592-0C6FD107387C} = {96E79573-D3AE-4F2B-B592-0C6FD107387C}
	EndProjectSection
EndProject
Project("{9A19103F-16F7-4668-BE54-9A1E7A4F7556}") = "TCC.Modules", "..\TCC.Memes\TCC.Memes\TCC.Modules.csproj", "{CEF8D20E-507C-4BB6-86F9-10D54F86EE91}"
EndProject
Project("{9A19103F-16F7-4668-BE54-9A1E7A4F7556}") = "TCC.Loader", "..\TCC.Loader\TCC.Loader\TCC.Loader.csproj", "{CC3BE26C-A6D9-4301-B86E-A7FCBA9B7162}"
EndProject
Project("{9A19103F-16F7-4668-BE54-9A1E7A4F7556}") = "PRE_BUILD", "PRE_BUILD\PRE_BUILD.csproj", "{96E79573-D3AE-4F2B-B592-0C6FD107387C}"
EndProject
Project("{9A19103F-16F7-4668-BE54-9A1E7A4F7556}") = "TCC.Utils", "TCC.Utils\TCC.Utils.csproj", "{0E5C7C6C-8D28-4731-82DA-2D37A69C5AC8}"
EndProject
Project("{9A19103F-16F7-4668-BE54-9A1E7A4F7556}") = "POST_BUILD", "POST_BUILD\POST_BUILD.csproj", "{2C329A75-5632-45E0-8F2E-08D158E08A01}"
	ProjectSection(ProjectDependencies) = postProject
		{E8A1FC0B-C9BC-448E-9702-94CE50412D99} = {E8A1FC0B-C9BC-448E-9702-94CE50412D99}
		{CEF8D20E-507C-4BB6-86F9-10D54F86EE91} = {CEF8D20E-507C-4BB6-86F9-10D54F86EE91}
		{B3F6E516-CD4B-404E-93C5-FFC729406FA9} = {B3F6E516-CD4B-404E-93C5-FFC729406FA9}
		{2F29E45D-783C-4EA9-A52B-4CAA9129497B} = {2F29E45D-783C-4EA9-A52B-4CAA9129497B}
		{0E5C7C6C-8D28-4731-82DA-2D37A69C5AC8} = {0E5C7C6C-8D28-4731-82DA-2D37A69C5AC8}
		{CC3BE26C-A6D9-4301-B86E-A7FCBA9B7162} = {CC3BE26C-A6D9-4301-B86E-A7FCBA9B7162}
		{96E79573-D3AE-4F2B-B592-0C6FD107387C} = {96E79573-D3AE-4F2B-B592-0C6FD107387C}
		{32BD409E-AB38-4024-BA36-1E08B753C528} = {32BD409E-AB38-4024-BA36-1E08B753C528}
	EndProjectSection
EndProject
Project("{2150E333-8FDC-42A3-9474-1A3956D46DE8}") = "Solution Items", "Solution Items", "{35150361-850B-4779-B412-366D351A1F5C}"
	ProjectSection(SolutionItems) = preProject
		.editorconfig = .editorconfig
	EndProjectSection
EndProject
Project("{9A19103F-16F7-4668-BE54-9A1E7A4F7556}") = "TCC.Interop", "TCC.Interop\TCC.Interop.csproj", "{52BC16F8-FAF9-4579-B2E8-D044706F5112}"
EndProject
Global
	GlobalSection(SolutionConfigurationPlatforms) = preSolution
		Debug|Any CPU = Debug|Any CPU
		DebugToolbox|Any CPU = DebugToolbox|Any CPU
		Release|Any CPU = Release|Any CPU
	EndGlobalSection
	GlobalSection(ProjectConfigurationPlatforms) = postSolution
		{B3F6E516-CD4B-404E-93C5-FFC729406FA9}.Debug|Any CPU.ActiveCfg = Debug|Any CPU
		{B3F6E516-CD4B-404E-93C5-FFC729406FA9}.Debug|Any CPU.Build.0 = Debug|Any CPU
		{B3F6E516-CD4B-404E-93C5-FFC729406FA9}.DebugToolbox|Any CPU.ActiveCfg = DebugToolbox|Any CPU
		{B3F6E516-CD4B-404E-93C5-FFC729406FA9}.DebugToolbox|Any CPU.Build.0 = DebugToolbox|Any CPU
		{B3F6E516-CD4B-404E-93C5-FFC729406FA9}.Release|Any CPU.ActiveCfg = Release|Any CPU
		{B3F6E516-CD4B-404E-93C5-FFC729406FA9}.Release|Any CPU.Build.0 = Release|Any CPU
		{2F29E45D-783C-4EA9-A52B-4CAA9129497B}.Debug|Any CPU.ActiveCfg = Debug|Any CPU
		{2F29E45D-783C-4EA9-A52B-4CAA9129497B}.Debug|Any CPU.Build.0 = Debug|Any CPU
		{2F29E45D-783C-4EA9-A52B-4CAA9129497B}.DebugToolbox|Any CPU.ActiveCfg = DebugToolbox|Any CPU
		{2F29E45D-783C-4EA9-A52B-4CAA9129497B}.DebugToolbox|Any CPU.Build.0 = DebugToolbox|Any CPU
		{2F29E45D-783C-4EA9-A52B-4CAA9129497B}.Release|Any CPU.ActiveCfg = Release|Any CPU
		{2F29E45D-783C-4EA9-A52B-4CAA9129497B}.Release|Any CPU.Build.0 = Release|Any CPU
		{32BD409E-AB38-4024-BA36-1E08B753C528}.Debug|Any CPU.ActiveCfg = Debug|Any CPU
		{32BD409E-AB38-4024-BA36-1E08B753C528}.Debug|Any CPU.Build.0 = Debug|Any CPU
		{32BD409E-AB38-4024-BA36-1E08B753C528}.DebugToolbox|Any CPU.ActiveCfg = DebugToolbox|Any CPU
		{32BD409E-AB38-4024-BA36-1E08B753C528}.DebugToolbox|Any CPU.Build.0 = DebugToolbox|Any CPU
		{32BD409E-AB38-4024-BA36-1E08B753C528}.Release|Any CPU.ActiveCfg = Release|Any CPU
		{32BD409E-AB38-4024-BA36-1E08B753C528}.Release|Any CPU.Build.0 = Release|Any CPU
		{E8A1FC0B-C9BC-448E-9702-94CE50412D99}.Debug|Any CPU.ActiveCfg = Debug|Any CPU
		{E8A1FC0B-C9BC-448E-9702-94CE50412D99}.Debug|Any CPU.Build.0 = Debug|Any CPU
		{E8A1FC0B-C9BC-448E-9702-94CE50412D99}.DebugToolbox|Any CPU.ActiveCfg = DebugToolbox|Any CPU
		{E8A1FC0B-C9BC-448E-9702-94CE50412D99}.DebugToolbox|Any CPU.Build.0 = DebugToolbox|Any CPU
		{E8A1FC0B-C9BC-448E-9702-94CE50412D99}.Release|Any CPU.ActiveCfg = Release|Any CPU
		{E8A1FC0B-C9BC-448E-9702-94CE50412D99}.Release|Any CPU.Build.0 = Release|Any CPU
		{CEF8D20E-507C-4BB6-86F9-10D54F86EE91}.Debug|Any CPU.ActiveCfg = Debug|Any CPU
		{CEF8D20E-507C-4BB6-86F9-10D54F86EE91}.Debug|Any CPU.Build.0 = Debug|Any CPU
		{CEF8D20E-507C-4BB6-86F9-10D54F86EE91}.DebugToolbox|Any CPU.ActiveCfg = DebugToolbox|Any CPU
		{CEF8D20E-507C-4BB6-86F9-10D54F86EE91}.DebugToolbox|Any CPU.Build.0 = DebugToolbox|Any CPU
		{CEF8D20E-507C-4BB6-86F9-10D54F86EE91}.Release|Any CPU.ActiveCfg = Release|Any CPU
		{CEF8D20E-507C-4BB6-86F9-10D54F86EE91}.Release|Any CPU.Build.0 = Release|Any CPU
		{CC3BE26C-A6D9-4301-B86E-A7FCBA9B7162}.Debug|Any CPU.ActiveCfg = Debug|Any CPU
		{CC3BE26C-A6D9-4301-B86E-A7FCBA9B7162}.Debug|Any CPU.Build.0 = Debug|Any CPU
		{CC3BE26C-A6D9-4301-B86E-A7FCBA9B7162}.DebugToolbox|Any CPU.ActiveCfg = DebugToolbox|Any CPU
		{CC3BE26C-A6D9-4301-B86E-A7FCBA9B7162}.DebugToolbox|Any CPU.Build.0 = DebugToolbox|Any CPU
		{CC3BE26C-A6D9-4301-B86E-A7FCBA9B7162}.Release|Any CPU.ActiveCfg = Release|Any CPU
		{CC3BE26C-A6D9-4301-B86E-A7FCBA9B7162}.Release|Any CPU.Build.0 = Release|Any CPU
		{96E79573-D3AE-4F2B-B592-0C6FD107387C}.Debug|Any CPU.ActiveCfg = Debug|Any CPU
		{96E79573-D3AE-4F2B-B592-0C6FD107387C}.Debug|Any CPU.Build.0 = Debug|Any CPU
		{96E79573-D3AE-4F2B-B592-0C6FD107387C}.DebugToolbox|Any CPU.ActiveCfg = DebugToolbox|Any CPU
		{96E79573-D3AE-4F2B-B592-0C6FD107387C}.DebugToolbox|Any CPU.Build.0 = DebugToolbox|Any CPU
		{96E79573-D3AE-4F2B-B592-0C6FD107387C}.Release|Any CPU.ActiveCfg = Release|Any CPU
		{96E79573-D3AE-4F2B-B592-0C6FD107387C}.Release|Any CPU.Build.0 = Release|Any CPU
		{0E5C7C6C-8D28-4731-82DA-2D37A69C5AC8}.Debug|Any CPU.ActiveCfg = Debug|Any CPU
		{0E5C7C6C-8D28-4731-82DA-2D37A69C5AC8}.Debug|Any CPU.Build.0 = Debug|Any CPU
		{0E5C7C6C-8D28-4731-82DA-2D37A69C5AC8}.DebugToolbox|Any CPU.ActiveCfg = DebugToolbox|Any CPU
		{0E5C7C6C-8D28-4731-82DA-2D37A69C5AC8}.DebugToolbox|Any CPU.Build.0 = DebugToolbox|Any CPU
		{0E5C7C6C-8D28-4731-82DA-2D37A69C5AC8}.Release|Any CPU.ActiveCfg = Release|Any CPU
		{0E5C7C6C-8D28-4731-82DA-2D37A69C5AC8}.Release|Any CPU.Build.0 = Release|Any CPU
		{2C329A75-5632-45E0-8F2E-08D158E08A01}.Debug|Any CPU.ActiveCfg = Debug|Any CPU
		{2C329A75-5632-45E0-8F2E-08D158E08A01}.Debug|Any CPU.Build.0 = Debug|Any CPU
		{2C329A75-5632-45E0-8F2E-08D158E08A01}.DebugToolbox|Any CPU.ActiveCfg = DebugToolbox|Any CPU
		{2C329A75-5632-45E0-8F2E-08D158E08A01}.DebugToolbox|Any CPU.Build.0 = DebugToolbox|Any CPU
		{2C329A75-5632-45E0-8F2E-08D158E08A01}.Release|Any CPU.ActiveCfg = Release|Any CPU
		{2C329A75-5632-45E0-8F2E-08D158E08A01}.Release|Any CPU.Build.0 = Release|Any CPU
		{52BC16F8-FAF9-4579-B2E8-D044706F5112}.Debug|Any CPU.ActiveCfg = Debug|Any CPU
		{52BC16F8-FAF9-4579-B2E8-D044706F5112}.Debug|Any CPU.Build.0 = Debug|Any CPU
		{52BC16F8-FAF9-4579-B2E8-D044706F5112}.DebugToolbox|Any CPU.ActiveCfg = Debug|Any CPU
		{52BC16F8-FAF9-4579-B2E8-D044706F5112}.DebugToolbox|Any CPU.Build.0 = Debug|Any CPU
		{52BC16F8-FAF9-4579-B2E8-D044706F5112}.Release|Any CPU.ActiveCfg = Release|Any CPU
		{52BC16F8-FAF9-4579-B2E8-D044706F5112}.Release|Any CPU.Build.0 = Release|Any CPU
	EndGlobalSection
	GlobalSection(SolutionProperties) = preSolution
		HideSolutionNode = FALSE
	EndGlobalSection
	GlobalSection(ExtensibilityGlobals) = postSolution
		SolutionGuid = {FDEE29AC-E135-498F-B46C-1FBBCAAC55C0}
	EndGlobalSection
EndGlobal
