
Microsoft Visual Studio Solution File, Format Version 12.00
# Visual Studio Version 16
VisualStudioVersion = 16.0.28531.58
MinimumVisualStudioVersion = 10.0.40219.1
Project("{FAE04EC0-301F-11D3-BF4B-00C04F79EFBC}") = "TCC.Core", "TCC.Core\TCC.Core.csproj", "{B3F6E516-CD4B-404E-93C5-FFC729406FA9}"
EndProject
Project("{FAE04EC0-301F-11D3-BF4B-00C04F79EFBC}") = "TCC.Updater", "TCC.Updater\TCC.Updater.csproj", "{2F29E45D-783C-4EA9-A52B-4CAA9129497B}"
EndProject
Project("{FAE04EC0-301F-11D3-BF4B-00C04F79EFBC}") = "TCC.Publisher", "TCC.Publisher\TCC.Publisher.csproj", "{70E2A9CB-5A78-4151-A8E2-DC5363284D85}"
	ProjectSection(ProjectDependencies) = postProject
		{E8A1FC0B-C9BC-448E-9702-94CE50412D99} = {E8A1FC0B-C9BC-448E-9702-94CE50412D99}
		{CEF8D20E-507C-4BB6-86F9-10D54F86EE91} = {CEF8D20E-507C-4BB6-86F9-10D54F86EE91}
		{2F29E45D-783C-4EA9-A52B-4CAA9129497B} = {2F29E45D-783C-4EA9-A52B-4CAA9129497B}
		{CC3BE26C-A6D9-4301-B86E-A7FCBA9B7162} = {CC3BE26C-A6D9-4301-B86E-A7FCBA9B7162}
		{32BD409E-AB38-4024-BA36-1E08B753C528} = {32BD409E-AB38-4024-BA36-1E08B753C528}
	EndProjectSection
EndProject
Project("{FAE04EC0-301F-11D3-BF4B-00C04F79EFBC}") = "Nostrum", "dependencies\Nostrum\Nostrum\Nostrum.csproj", "{C62B6AEE-2527-4B56-9B77-B02DCEFD1CF5}"
	ProjectSection(ProjectDependencies) = postProject
		{96E79573-D3AE-4F2B-B592-0C6FD107387C} = {96E79573-D3AE-4F2B-B592-0C6FD107387C}
	EndProjectSection
EndProject
Project("{FAE04EC0-301F-11D3-BF4B-00C04F79EFBC}") = "TeraPacketParser", "TeraPacketParser\TeraPacketParser.csproj", "{32BD409E-AB38-4024-BA36-1E08B753C528}"
EndProject
Project("{FAE04EC0-301F-11D3-BF4B-00C04F79EFBC}") = "TeraDataLite", "TeraDataLite\TeraDataLite.csproj", "{E8A1FC0B-C9BC-448E-9702-94CE50412D99}"
EndProject
Project("{FAE04EC0-301F-11D3-BF4B-00C04F79EFBC}") = "TCC.Modules", "..\TCC.Memes\TCC.Memes\TCC.Modules.csproj", "{CEF8D20E-507C-4BB6-86F9-10D54F86EE91}"
EndProject
Project("{FAE04EC0-301F-11D3-BF4B-00C04F79EFBC}") = "TCC.Loader", "..\TCC.Loader\TCC.Loader\TCC.Loader.csproj", "{CC3BE26C-A6D9-4301-B86E-A7FCBA9B7162}"
EndProject
Project("{FAE04EC0-301F-11D3-BF4B-00C04F79EFBC}") = "PRE BUILD", "PRE BUILD\PRE BUILD.csproj", "{96E79573-D3AE-4F2B-B592-0C6FD107387C}"
EndProject
Project("{FAE04EC0-301F-11D3-BF4B-00C04F79EFBC}") = "TCC.Utils", "TCC.Utils\TCC.Utils.csproj", "{0E5C7C6C-8D28-4731-82DA-2D37A69C5AC8}"
EndProject
Global
	GlobalSection(SolutionConfigurationPlatforms) = preSolution
		Debug|Any CPU = Debug|Any CPU
		Debug|x64 = Debug|x64
		Release|Any CPU = Release|Any CPU
		Release|x64 = Release|x64
	EndGlobalSection
	GlobalSection(ProjectConfigurationPlatforms) = postSolution
		{B3F6E516-CD4B-404E-93C5-FFC729406FA9}.Debug|Any CPU.ActiveCfg = Debug|Any CPU
		{B3F6E516-CD4B-404E-93C5-FFC729406FA9}.Debug|Any CPU.Build.0 = Debug|Any CPU
		{B3F6E516-CD4B-404E-93C5-FFC729406FA9}.Debug|x64.ActiveCfg = Debug|x64
		{B3F6E516-CD4B-404E-93C5-FFC729406FA9}.Debug|x64.Build.0 = Debug|x64
		{B3F6E516-CD4B-404E-93C5-FFC729406FA9}.Release|Any CPU.ActiveCfg = Release|Any CPU
		{B3F6E516-CD4B-404E-93C5-FFC729406FA9}.Release|Any CPU.Build.0 = Release|Any CPU
		{B3F6E516-CD4B-404E-93C5-FFC729406FA9}.Release|x64.ActiveCfg = Release|x64
		{B3F6E516-CD4B-404E-93C5-FFC729406FA9}.Release|x64.Build.0 = Release|x64
		{2F29E45D-783C-4EA9-A52B-4CAA9129497B}.Debug|Any CPU.ActiveCfg = Debug|Any CPU
		{2F29E45D-783C-4EA9-A52B-4CAA9129497B}.Debug|Any CPU.Build.0 = Debug|Any CPU
		{2F29E45D-783C-4EA9-A52B-4CAA9129497B}.Debug|x64.ActiveCfg = Debug|x64
		{2F29E45D-783C-4EA9-A52B-4CAA9129497B}.Debug|x64.Build.0 = Debug|x64
		{2F29E45D-783C-4EA9-A52B-4CAA9129497B}.Release|Any CPU.ActiveCfg = Release|Any CPU
		{2F29E45D-783C-4EA9-A52B-4CAA9129497B}.Release|Any CPU.Build.0 = Release|Any CPU
		{2F29E45D-783C-4EA9-A52B-4CAA9129497B}.Release|x64.ActiveCfg = Release|x64
		{2F29E45D-783C-4EA9-A52B-4CAA9129497B}.Release|x64.Build.0 = Release|x64
		{70E2A9CB-5A78-4151-A8E2-DC5363284D85}.Debug|Any CPU.ActiveCfg = Debug|Any CPU
		{70E2A9CB-5A78-4151-A8E2-DC5363284D85}.Debug|Any CPU.Build.0 = Debug|Any CPU
		{70E2A9CB-5A78-4151-A8E2-DC5363284D85}.Debug|x64.ActiveCfg = Debug|x64
		{70E2A9CB-5A78-4151-A8E2-DC5363284D85}.Debug|x64.Build.0 = Debug|x64
		{70E2A9CB-5A78-4151-A8E2-DC5363284D85}.Release|Any CPU.ActiveCfg = Release|Any CPU
		{70E2A9CB-5A78-4151-A8E2-DC5363284D85}.Release|Any CPU.Build.0 = Release|Any CPU
		{70E2A9CB-5A78-4151-A8E2-DC5363284D85}.Release|x64.ActiveCfg = Release|x64
		{70E2A9CB-5A78-4151-A8E2-DC5363284D85}.Release|x64.Build.0 = Release|x64
		{C62B6AEE-2527-4B56-9B77-B02DCEFD1CF5}.Debug|Any CPU.ActiveCfg = Debug|Any CPU
		{C62B6AEE-2527-4B56-9B77-B02DCEFD1CF5}.Debug|Any CPU.Build.0 = Debug|Any CPU
		{C62B6AEE-2527-4B56-9B77-B02DCEFD1CF5}.Debug|x64.ActiveCfg = Debug|x64
		{C62B6AEE-2527-4B56-9B77-B02DCEFD1CF5}.Debug|x64.Build.0 = Debug|x64
		{C62B6AEE-2527-4B56-9B77-B02DCEFD1CF5}.Release|Any CPU.ActiveCfg = Release|Any CPU
		{C62B6AEE-2527-4B56-9B77-B02DCEFD1CF5}.Release|Any CPU.Build.0 = Release|Any CPU
		{C62B6AEE-2527-4B56-9B77-B02DCEFD1CF5}.Release|x64.ActiveCfg = Release|x64
		{C62B6AEE-2527-4B56-9B77-B02DCEFD1CF5}.Release|x64.Build.0 = Release|x64
		{32BD409E-AB38-4024-BA36-1E08B753C528}.Debug|Any CPU.ActiveCfg = Debug|x64
		{32BD409E-AB38-4024-BA36-1E08B753C528}.Debug|x64.ActiveCfg = Debug|x64
		{32BD409E-AB38-4024-BA36-1E08B753C528}.Debug|x64.Build.0 = Debug|x64
		{32BD409E-AB38-4024-BA36-1E08B753C528}.Release|Any CPU.ActiveCfg = Release|x64
		{32BD409E-AB38-4024-BA36-1E08B753C528}.Release|x64.ActiveCfg = Release|x64
		{32BD409E-AB38-4024-BA36-1E08B753C528}.Release|x64.Build.0 = Release|x64
		{E8A1FC0B-C9BC-448E-9702-94CE50412D99}.Debug|Any CPU.ActiveCfg = Debug|Any CPU
		{E8A1FC0B-C9BC-448E-9702-94CE50412D99}.Debug|Any CPU.Build.0 = Debug|Any CPU
		{E8A1FC0B-C9BC-448E-9702-94CE50412D99}.Debug|x64.ActiveCfg = Debug|Any CPU
		{E8A1FC0B-C9BC-448E-9702-94CE50412D99}.Debug|x64.Build.0 = Debug|Any CPU
		{E8A1FC0B-C9BC-448E-9702-94CE50412D99}.Release|Any CPU.ActiveCfg = Release|Any CPU
		{E8A1FC0B-C9BC-448E-9702-94CE50412D99}.Release|Any CPU.Build.0 = Release|Any CPU
		{E8A1FC0B-C9BC-448E-9702-94CE50412D99}.Release|x64.ActiveCfg = Release|Any CPU
		{E8A1FC0B-C9BC-448E-9702-94CE50412D99}.Release|x64.Build.0 = Release|Any CPU
		{CEF8D20E-507C-4BB6-86F9-10D54F86EE91}.Debug|Any CPU.ActiveCfg = Debug|x64
		{CEF8D20E-507C-4BB6-86F9-10D54F86EE91}.Debug|x64.ActiveCfg = Debug|x64
		{CEF8D20E-507C-4BB6-86F9-10D54F86EE91}.Debug|x64.Build.0 = Debug|x64
		{CEF8D20E-507C-4BB6-86F9-10D54F86EE91}.Release|Any CPU.ActiveCfg = Release|x64
		{CEF8D20E-507C-4BB6-86F9-10D54F86EE91}.Release|x64.ActiveCfg = Release|x64
		{CEF8D20E-507C-4BB6-86F9-10D54F86EE91}.Release|x64.Build.0 = Release|x64
		{CC3BE26C-A6D9-4301-B86E-A7FCBA9B7162}.Debug|Any CPU.ActiveCfg = Debug|Any CPU
		{CC3BE26C-A6D9-4301-B86E-A7FCBA9B7162}.Debug|Any CPU.Build.0 = Debug|Any CPU
		{CC3BE26C-A6D9-4301-B86E-A7FCBA9B7162}.Debug|x64.ActiveCfg = Debug|Any CPU
		{CC3BE26C-A6D9-4301-B86E-A7FCBA9B7162}.Debug|x64.Build.0 = Debug|Any CPU
		{CC3BE26C-A6D9-4301-B86E-A7FCBA9B7162}.Release|Any CPU.ActiveCfg = Release|Any CPU
		{CC3BE26C-A6D9-4301-B86E-A7FCBA9B7162}.Release|Any CPU.Build.0 = Release|Any CPU
		{CC3BE26C-A6D9-4301-B86E-A7FCBA9B7162}.Release|x64.ActiveCfg = Release|Any CPU
		{CC3BE26C-A6D9-4301-B86E-A7FCBA9B7162}.Release|x64.Build.0 = Release|Any CPU
		{96E79573-D3AE-4F2B-B592-0C6FD107387C}.Debug|Any CPU.ActiveCfg = Debug|x64
		{96E79573-D3AE-4F2B-B592-0C6FD107387C}.Debug|x64.ActiveCfg = Debug|x64
		{96E79573-D3AE-4F2B-B592-0C6FD107387C}.Debug|x64.Build.0 = Debug|x64
		{96E79573-D3AE-4F2B-B592-0C6FD107387C}.Release|Any CPU.ActiveCfg = Release|x64
		{96E79573-D3AE-4F2B-B592-0C6FD107387C}.Release|x64.ActiveCfg = Release|x64
		{96E79573-D3AE-4F2B-B592-0C6FD107387C}.Release|x64.Build.0 = Release|x64
		{0E5C7C6C-8D28-4731-82DA-2D37A69C5AC8}.Debug|Any CPU.ActiveCfg = Debug|Any CPU
		{0E5C7C6C-8D28-4731-82DA-2D37A69C5AC8}.Debug|Any CPU.Build.0 = Debug|Any CPU
		{0E5C7C6C-8D28-4731-82DA-2D37A69C5AC8}.Debug|x64.ActiveCfg = Debug|Any CPU
		{0E5C7C6C-8D28-4731-82DA-2D37A69C5AC8}.Debug|x64.Build.0 = Debug|Any CPU
		{0E5C7C6C-8D28-4731-82DA-2D37A69C5AC8}.Release|Any CPU.ActiveCfg = Release|Any CPU
		{0E5C7C6C-8D28-4731-82DA-2D37A69C5AC8}.Release|Any CPU.Build.0 = Release|Any CPU
		{0E5C7C6C-8D28-4731-82DA-2D37A69C5AC8}.Release|x64.ActiveCfg = Release|Any CPU
		{0E5C7C6C-8D28-4731-82DA-2D37A69C5AC8}.Release|x64.Build.0 = Release|Any CPU
	EndGlobalSection
	GlobalSection(SolutionProperties) = preSolution
		HideSolutionNode = FALSE
	EndGlobalSection
	GlobalSection(ExtensibilityGlobals) = postSolution
		SolutionGuid = {FDEE29AC-E135-498F-B46C-1FBBCAAC55C0}
	EndGlobalSection
EndGlobal
